// !$*UTF8*$!
{
	archiveVersion = 1;
	classes = {
	};
	objectVersion = 51;
	objects = {

/* Begin PBXBuildFile section */
		16BFF8BB8FFF24F928343CF4 /* Pods_AdditionalTrainingTests.framework in Frameworks */ = {isa = PBXBuildFile; fileRef = 391DC4E6E713D6F091D20D64 /* Pods_AdditionalTrainingTests.framework */; };
		5FD2EC3C28C9E29A7E5A6B3E /* Pods_AdditionalTraining.framework in Frameworks */ = {isa = PBXBuildFile; fileRef = 4DBB404AEFDD58F043891F23 /* Pods_AdditionalTraining.framework */; };
		782CD9BE25FC6FF900DD468C /* SignupViewController.swift in Sources */ = {isa = PBXBuildFile; fileRef = 782CD9BD25FC6FF900DD468C /* SignupViewController.swift */; };
		782CD9C625FC700C00DD468C /* SignupViewController.storyboard in Resources */ = {isa = PBXBuildFile; fileRef = 782CD9C525FC700C00DD468C /* SignupViewController.storyboard */; };
		782CD9D925FC70B600DD468C /* LoginViewController.storyboard in Resources */ = {isa = PBXBuildFile; fileRef = 782CD9D825FC70B600DD468C /* LoginViewController.storyboard */; };
		782CD9DE25FC70FF00DD468C /* LoginViewController.swift in Sources */ = {isa = PBXBuildFile; fileRef = 782CD9DD25FC70FF00DD468C /* LoginViewController.swift */; };
		78BCFD6F25F31562003618CE /* AppDelegate.swift in Sources */ = {isa = PBXBuildFile; fileRef = 78BCFD6E25F31562003618CE /* AppDelegate.swift */; };
		78BCFD7825F31565003618CE /* Assets.xcassets in Resources */ = {isa = PBXBuildFile; fileRef = 78BCFD7725F31565003618CE /* Assets.xcassets */; };
		78BCFD7B25F31565003618CE /* LaunchScreen.storyboard in Resources */ = {isa = PBXBuildFile; fileRef = 78BCFD7925F31565003618CE /* LaunchScreen.storyboard */; };
		78BCFD8625F31565003618CE /* AddtionalTraining_iOSTests.swift in Sources */ = {isa = PBXBuildFile; fileRef = 78BCFD8525F31565003618CE /* AddtionalTraining_iOSTests.swift */; };
		78BCFD9125F31565003618CE /* AddtionalTraining_iOSUITests.swift in Sources */ = {isa = PBXBuildFile; fileRef = 78BCFD9025F31565003618CE /* AddtionalTraining_iOSUITests.swift */; };
		78EBF08E25FC6BF200613185 /* R.generated.swift in Sources */ = {isa = PBXBuildFile; fileRef = 78EBF08D25FC6BF200613185 /* R.generated.swift */; };
		BB421B46419B780D53B6688C /* Pods_AdditionalTraining_AdditionalTrainingUITests.framework in Frameworks */ = {isa = PBXBuildFile; fileRef = EC387CD9B089DBA9C8C27798 /* Pods_AdditionalTraining_AdditionalTrainingUITests.framework */; };
/* End PBXBuildFile section */

/* Begin PBXContainerItemProxy section */
		78BCFD8225F31565003618CE /* PBXContainerItemProxy */ = {
			isa = PBXContainerItemProxy;
			containerPortal = 78BCFD6325F31562003618CE /* Project object */;
			proxyType = 1;
			remoteGlobalIDString = 78BCFD6A25F31562003618CE;
			remoteInfo = "AddtionalTraining-iOS";
		};
		78BCFD8D25F31565003618CE /* PBXContainerItemProxy */ = {
			isa = PBXContainerItemProxy;
			containerPortal = 78BCFD6325F31562003618CE /* Project object */;
			proxyType = 1;
			remoteGlobalIDString = 78BCFD6A25F31562003618CE;
			remoteInfo = "AddtionalTraining-iOS";
		};
/* End PBXContainerItemProxy section */

/* Begin PBXFileReference section */
		07A55330C665BD9987FAE625 /* Pods-AdditionalTraining.debug.xcconfig */ = {isa = PBXFileReference; includeInIndex = 1; lastKnownFileType = text.xcconfig; name = "Pods-AdditionalTraining.debug.xcconfig"; path = "Target Support Files/Pods-AdditionalTraining/Pods-AdditionalTraining.debug.xcconfig"; sourceTree = "<group>"; };
		160A0944EA2520F166C05D79 /* Pods-AdditionalTraining-AdditionalTrainingUITests.debug.xcconfig */ = {isa = PBXFileReference; includeInIndex = 1; lastKnownFileType = text.xcconfig; name = "Pods-AdditionalTraining-AdditionalTrainingUITests.debug.xcconfig"; path = "Target Support Files/Pods-AdditionalTraining-AdditionalTrainingUITests/Pods-AdditionalTraining-AdditionalTrainingUITests.debug.xcconfig"; sourceTree = "<group>"; };
		1A7938E75A2A779A1AD9E38C /* Pods-AdditionalTrainingTests.debug.xcconfig */ = {isa = PBXFileReference; includeInIndex = 1; lastKnownFileType = text.xcconfig; name = "Pods-AdditionalTrainingTests.debug.xcconfig"; path = "Target Support Files/Pods-AdditionalTrainingTests/Pods-AdditionalTrainingTests.debug.xcconfig"; sourceTree = "<group>"; };
		20F7710D88E6F903FEFEC432 /* Pods-AddtionalTraining-iOSTests.release.xcconfig */ = {isa = PBXFileReference; includeInIndex = 1; lastKnownFileType = text.xcconfig; name = "Pods-AddtionalTraining-iOSTests.release.xcconfig"; path = "Target Support Files/Pods-AddtionalTraining-iOSTests/Pods-AddtionalTraining-iOSTests.release.xcconfig"; sourceTree = "<group>"; };
		391DC4E6E713D6F091D20D64 /* Pods_AdditionalTrainingTests.framework */ = {isa = PBXFileReference; explicitFileType = wrapper.framework; includeInIndex = 0; path = Pods_AdditionalTrainingTests.framework; sourceTree = BUILT_PRODUCTS_DIR; };
		3A1FC0FDEDE2C33D6402F7DF /* Pods-AddtionalTraining-iOS-AddtionalTraining-iOSUITests.debug.xcconfig */ = {isa = PBXFileReference; includeInIndex = 1; lastKnownFileType = text.xcconfig; name = "Pods-AddtionalTraining-iOS-AddtionalTraining-iOSUITests.debug.xcconfig"; path = "Target Support Files/Pods-AddtionalTraining-iOS-AddtionalTraining-iOSUITests/Pods-AddtionalTraining-iOS-AddtionalTraining-iOSUITests.debug.xcconfig"; sourceTree = "<group>"; };
		4DBB404AEFDD58F043891F23 /* Pods_AdditionalTraining.framework */ = {isa = PBXFileReference; explicitFileType = wrapper.framework; includeInIndex = 0; path = Pods_AdditionalTraining.framework; sourceTree = BUILT_PRODUCTS_DIR; };
		5A095CB50E35B07D1FDE946B /* Pods-AddtionalTraining-iOS-AddtionalTraining-iOSUITests.release.xcconfig */ = {isa = PBXFileReference; includeInIndex = 1; lastKnownFileType = text.xcconfig; name = "Pods-AddtionalTraining-iOS-AddtionalTraining-iOSUITests.release.xcconfig"; path = "Target Support Files/Pods-AddtionalTraining-iOS-AddtionalTraining-iOSUITests/Pods-AddtionalTraining-iOS-AddtionalTraining-iOSUITests.release.xcconfig"; sourceTree = "<group>"; };
		739F3C356281ACF245220B97 /* Pods-AdditionalTrainingTests.release.xcconfig */ = {isa = PBXFileReference; includeInIndex = 1; lastKnownFileType = text.xcconfig; name = "Pods-AdditionalTrainingTests.release.xcconfig"; path = "Target Support Files/Pods-AdditionalTrainingTests/Pods-AdditionalTrainingTests.release.xcconfig"; sourceTree = "<group>"; };
		740DC16349C2EA12AEB5AEAB /* Pods-AdditionalTraining-iOSTests.release.xcconfig */ = {isa = PBXFileReference; includeInIndex = 1; lastKnownFileType = text.xcconfig; name = "Pods-AdditionalTraining-iOSTests.release.xcconfig"; path = "Target Support Files/Pods-AdditionalTraining-iOSTests/Pods-AdditionalTraining-iOSTests.release.xcconfig"; sourceTree = "<group>"; };
		782CD9BD25FC6FF900DD468C /* SignupViewController.swift */ = {isa = PBXFileReference; lastKnownFileType = sourcecode.swift; path = SignupViewController.swift; sourceTree = "<group>"; };
		782CD9C525FC700C00DD468C /* SignupViewController.storyboard */ = {isa = PBXFileReference; lastKnownFileType = file.storyboard; path = SignupViewController.storyboard; sourceTree = "<group>"; };
		782CD9D825FC70B600DD468C /* LoginViewController.storyboard */ = {isa = PBXFileReference; lastKnownFileType = file.storyboard; path = LoginViewController.storyboard; sourceTree = "<group>"; };
		782CD9DD25FC70FF00DD468C /* LoginViewController.swift */ = {isa = PBXFileReference; lastKnownFileType = sourcecode.swift; path = LoginViewController.swift; sourceTree = "<group>"; };
		78BCFD6B25F31562003618CE /* AdditionalTraining.app */ = {isa = PBXFileReference; explicitFileType = wrapper.application; includeInIndex = 0; path = AdditionalTraining.app; sourceTree = BUILT_PRODUCTS_DIR; };
		78BCFD6E25F31562003618CE /* AppDelegate.swift */ = {isa = PBXFileReference; lastKnownFileType = sourcecode.swift; path = AppDelegate.swift; sourceTree = "<group>"; };
		78BCFD7725F31565003618CE /* Assets.xcassets */ = {isa = PBXFileReference; lastKnownFileType = folder.assetcatalog; path = Assets.xcassets; sourceTree = "<group>"; };
		78BCFD7A25F31565003618CE /* Base */ = {isa = PBXFileReference; lastKnownFileType = file.storyboard; name = Base; path = Base.lproj/LaunchScreen.storyboard; sourceTree = "<group>"; };
		78BCFD7C25F31565003618CE /* Info.plist */ = {isa = PBXFileReference; lastKnownFileType = text.plist.xml; path = Info.plist; sourceTree = "<group>"; };
		78BCFD8125F31565003618CE /* AdditionalTrainingTests.xctest */ = {isa = PBXFileReference; explicitFileType = wrapper.cfbundle; includeInIndex = 0; path = AdditionalTrainingTests.xctest; sourceTree = BUILT_PRODUCTS_DIR; };
		78BCFD8525F31565003618CE /* AddtionalTraining_iOSTests.swift */ = {isa = PBXFileReference; lastKnownFileType = sourcecode.swift; path = AddtionalTraining_iOSTests.swift; sourceTree = "<group>"; };
		78BCFD8725F31565003618CE /* Info.plist */ = {isa = PBXFileReference; lastKnownFileType = text.plist.xml; path = Info.plist; sourceTree = "<group>"; };
		78BCFD8C25F31565003618CE /* AdditionalTrainingUITests.xctest */ = {isa = PBXFileReference; explicitFileType = wrapper.cfbundle; includeInIndex = 0; path = AdditionalTrainingUITests.xctest; sourceTree = BUILT_PRODUCTS_DIR; };
		78BCFD9025F31565003618CE /* AddtionalTraining_iOSUITests.swift */ = {isa = PBXFileReference; lastKnownFileType = sourcecode.swift; path = AddtionalTraining_iOSUITests.swift; sourceTree = "<group>"; };
		78BCFD9225F31565003618CE /* Info.plist */ = {isa = PBXFileReference; lastKnownFileType = text.plist.xml; path = Info.plist; sourceTree = "<group>"; };
		78EBF08D25FC6BF200613185 /* R.generated.swift */ = {isa = PBXFileReference; fileEncoding = 4; lastKnownFileType = sourcecode.swift; path = R.generated.swift; sourceTree = "<group>"; };
		7CC887D33AB6819910BD8183 /* Pods-AdditionalTraining-iOS.debug.xcconfig */ = {isa = PBXFileReference; includeInIndex = 1; lastKnownFileType = text.xcconfig; name = "Pods-AdditionalTraining-iOS.debug.xcconfig"; path = "Target Support Files/Pods-AdditionalTraining-iOS/Pods-AdditionalTraining-iOS.debug.xcconfig"; sourceTree = "<group>"; };
		8ADB37B08036EEA09D1F5DF6 /* Pods-AddtionalTraining-iOSTests.debug.xcconfig */ = {isa = PBXFileReference; includeInIndex = 1; lastKnownFileType = text.xcconfig; name = "Pods-AddtionalTraining-iOSTests.debug.xcconfig"; path = "Target Support Files/Pods-AddtionalTraining-iOSTests/Pods-AddtionalTraining-iOSTests.debug.xcconfig"; sourceTree = "<group>"; };
		8BBA444208E34635BC9CF7C0 /* Pods-AdditionalTraining-iOS-AdditionalTraining-iOSUITests.debug.xcconfig */ = {isa = PBXFileReference; includeInIndex = 1; lastKnownFileType = text.xcconfig; name = "Pods-AdditionalTraining-iOS-AdditionalTraining-iOSUITests.debug.xcconfig"; path = "Target Support Files/Pods-AdditionalTraining-iOS-AdditionalTraining-iOSUITests/Pods-AdditionalTraining-iOS-AdditionalTraining-iOSUITests.debug.xcconfig"; sourceTree = "<group>"; };
		9879F54A103AF7D949E46A98 /* Pods-AdditionalTraining-iOS.release.xcconfig */ = {isa = PBXFileReference; includeInIndex = 1; lastKnownFileType = text.xcconfig; name = "Pods-AdditionalTraining-iOS.release.xcconfig"; path = "Target Support Files/Pods-AdditionalTraining-iOS/Pods-AdditionalTraining-iOS.release.xcconfig"; sourceTree = "<group>"; };
		99FC6AB06F170424F9C6A5B3 /* Pods-AdditionalTraining.release.xcconfig */ = {isa = PBXFileReference; includeInIndex = 1; lastKnownFileType = text.xcconfig; name = "Pods-AdditionalTraining.release.xcconfig"; path = "Target Support Files/Pods-AdditionalTraining/Pods-AdditionalTraining.release.xcconfig"; sourceTree = "<group>"; };
		CAD0A3DCB6D501ED41DADAF9 /* Pods-AddtionalTraining-iOS.debug.xcconfig */ = {isa = PBXFileReference; includeInIndex = 1; lastKnownFileType = text.xcconfig; name = "Pods-AddtionalTraining-iOS.debug.xcconfig"; path = "Target Support Files/Pods-AddtionalTraining-iOS/Pods-AddtionalTraining-iOS.debug.xcconfig"; sourceTree = "<group>"; };
		CEF0C7C65A0A3A7A01689DA1 /* Pods-AdditionalTraining-iOS-AdditionalTraining-iOSUITests.release.xcconfig */ = {isa = PBXFileReference; includeInIndex = 1; lastKnownFileType = text.xcconfig; name = "Pods-AdditionalTraining-iOS-AdditionalTraining-iOSUITests.release.xcconfig"; path = "Target Support Files/Pods-AdditionalTraining-iOS-AdditionalTraining-iOSUITests/Pods-AdditionalTraining-iOS-AdditionalTraining-iOSUITests.release.xcconfig"; sourceTree = "<group>"; };
		D34DC6A1FBDAC44F05D7DF44 /* Pods-AdditionalTraining-AdditionalTrainingUITests.release.xcconfig */ = {isa = PBXFileReference; includeInIndex = 1; lastKnownFileType = text.xcconfig; name = "Pods-AdditionalTraining-AdditionalTrainingUITests.release.xcconfig"; path = "Target Support Files/Pods-AdditionalTraining-AdditionalTrainingUITests/Pods-AdditionalTraining-AdditionalTrainingUITests.release.xcconfig"; sourceTree = "<group>"; };
		D7874B532B255303FF11F28E /* Pods-AddtionalTraining-iOS.release.xcconfig */ = {isa = PBXFileReference; includeInIndex = 1; lastKnownFileType = text.xcconfig; name = "Pods-AddtionalTraining-iOS.release.xcconfig"; path = "Target Support Files/Pods-AddtionalTraining-iOS/Pods-AddtionalTraining-iOS.release.xcconfig"; sourceTree = "<group>"; };
		EC387CD9B089DBA9C8C27798 /* Pods_AdditionalTraining_AdditionalTrainingUITests.framework */ = {isa = PBXFileReference; explicitFileType = wrapper.framework; includeInIndex = 0; path = Pods_AdditionalTraining_AdditionalTrainingUITests.framework; sourceTree = BUILT_PRODUCTS_DIR; };
		F538BCDA8153C9D203B707C0 /* Pods-AdditionalTraining-iOSTests.debug.xcconfig */ = {isa = PBXFileReference; includeInIndex = 1; lastKnownFileType = text.xcconfig; name = "Pods-AdditionalTraining-iOSTests.debug.xcconfig"; path = "Target Support Files/Pods-AdditionalTraining-iOSTests/Pods-AdditionalTraining-iOSTests.debug.xcconfig"; sourceTree = "<group>"; };
/* End PBXFileReference section */

/* Begin PBXFrameworksBuildPhase section */
		78BCFD6825F31562003618CE /* Frameworks */ = {
			isa = PBXFrameworksBuildPhase;
			buildActionMask = 2147483647;
			files = (
				5FD2EC3C28C9E29A7E5A6B3E /* Pods_AdditionalTraining.framework in Frameworks */,
			);
			runOnlyForDeploymentPostprocessing = 0;
		};
		78BCFD7E25F31565003618CE /* Frameworks */ = {
			isa = PBXFrameworksBuildPhase;
			buildActionMask = 2147483647;
			files = (
				16BFF8BB8FFF24F928343CF4 /* Pods_AdditionalTrainingTests.framework in Frameworks */,
			);
			runOnlyForDeploymentPostprocessing = 0;
		};
		78BCFD8925F31565003618CE /* Frameworks */ = {
			isa = PBXFrameworksBuildPhase;
			buildActionMask = 2147483647;
			files = (
				BB421B46419B780D53B6688C /* Pods_AdditionalTraining_AdditionalTrainingUITests.framework in Frameworks */,
			);
			runOnlyForDeploymentPostprocessing = 0;
		};
/* End PBXFrameworksBuildPhase section */

/* Begin PBXGroup section */
		4823622C0D85FFDCB1DA0D7B /* Frameworks */ = {
			isa = PBXGroup;
			children = (
				4DBB404AEFDD58F043891F23 /* Pods_AdditionalTraining.framework */,
				EC387CD9B089DBA9C8C27798 /* Pods_AdditionalTraining_AdditionalTrainingUITests.framework */,
				391DC4E6E713D6F091D20D64 /* Pods_AdditionalTrainingTests.framework */,
			);
			name = Frameworks;
			sourceTree = "<group>";
		};
		782CD9BA25FC6FA100DD468C /* AppConfig */ = {
			isa = PBXGroup;
			children = (
			);
			path = AppConfig;
			sourceTree = "<group>";
		};
		782CD9BB25FC6FC600DD468C /* Signup */ = {
			isa = PBXGroup;
			children = (
				782CD9BD25FC6FF900DD468C /* SignupViewController.swift */,
				782CD9C525FC700C00DD468C /* SignupViewController.storyboard */,
			);
			path = Signup;
			sourceTree = "<group>";
		};
		782CD9BC25FC6FD000DD468C /* Login */ = {
			isa = PBXGroup;
			children = (
				782CD9DD25FC70FF00DD468C /* LoginViewController.swift */,
				782CD9D825FC70B600DD468C /* LoginViewController.storyboard */,
			);
			path = Login;
			sourceTree = "<group>";
		};
		78BCFD6225F31562003618CE = {
			isa = PBXGroup;
			children = (
				78BCFD6D25F31562003618CE /* AdditionalTraining */,
				78BCFD8425F31565003618CE /* AdditionalTrainingTests */,
				78BCFD8F25F31565003618CE /* AdditionalTrainingUITests */,
				78BCFD6C25F31562003618CE /* Products */,
				92F2FDE8BB8315410016D7D9 /* Pods */,
				4823622C0D85FFDCB1DA0D7B /* Frameworks */,
			);
			sourceTree = "<group>";
		};
		78BCFD6C25F31562003618CE /* Products */ = {
			isa = PBXGroup;
			children = (
				78BCFD6B25F31562003618CE /* AdditionalTraining.app */,
				78BCFD8125F31565003618CE /* AdditionalTrainingTests.xctest */,
				78BCFD8C25F31565003618CE /* AdditionalTrainingUITests.xctest */,
			);
			name = Products;
			sourceTree = "<group>";
		};
		78BCFD6D25F31562003618CE /* AdditionalTraining */ = {
			isa = PBXGroup;
			children = (
				782CD9BA25FC6FA100DD468C /* AppConfig */,
				78EBF07F25FC6AF500613185 /* AppResources */,
				78EBF07E25FC6AF000613185 /* Data */,
				78EBF07625FC6A8E00613185 /* Presentation */,
			);
			path = AdditionalTraining;
			sourceTree = "<group>";
		};
		78BCFD8425F31565003618CE /* AdditionalTrainingTests */ = {
			isa = PBXGroup;
			children = (
				78BCFD8525F31565003618CE /* AddtionalTraining_iOSTests.swift */,
				78BCFD8725F31565003618CE /* Info.plist */,
			);
			path = AdditionalTrainingTests;
			sourceTree = "<group>";
		};
		78BCFD8F25F31565003618CE /* AdditionalTrainingUITests */ = {
			isa = PBXGroup;
			children = (
				78BCFD9025F31565003618CE /* AddtionalTraining_iOSUITests.swift */,
				78BCFD9225F31565003618CE /* Info.plist */,
			);
			path = AdditionalTrainingUITests;
			sourceTree = "<group>";
		};
		78EBF07625FC6A8E00613185 /* Presentation */ = {
			isa = PBXGroup;
			children = (
				78BCFD6E25F31562003618CE /* AppDelegate.swift */,
				78EBF07925FC6AA600613185 /* Convenience */,
				78EBF07825FC6A9C00613185 /* Presentation-Domain */,
				78EBF07725FC6A9600613185 /* Utility */,
			);
			path = Presentation;
			sourceTree = "<group>";
		};
		78EBF07725FC6A9600613185 /* Utility */ = {
			isa = PBXGroup;
			children = (
			);
			path = Utility;
			sourceTree = "<group>";
		};
		78EBF07825FC6A9C00613185 /* Presentation-Domain */ = {
			isa = PBXGroup;
			children = (
				78EBF07B25FC6ABA00613185 /* Router */,
				78EBF07C25FC6AC700613185 /* Screen */,
				78EBF07D25FC6AE300613185 /* View */,
			);
			path = "Presentation-Domain";
			sourceTree = "<group>";
		};
		78EBF07925FC6AA600613185 /* Convenience */ = {
			isa = PBXGroup;
			children = (
			);
			path = Convenience;
			sourceTree = "<group>";
		};
		78EBF07B25FC6ABA00613185 /* Router */ = {
			isa = PBXGroup;
			children = (
			);
			path = Router;
			sourceTree = "<group>";
		};
		78EBF07C25FC6AC700613185 /* Screen */ = {
			isa = PBXGroup;
			children = (
				78EBF09B25FC6CA400613185 /* Launch */,
				782CD9BB25FC6FC600DD468C /* Signup */,
				782CD9BC25FC6FD000DD468C /* Login */,
			);
			path = Screen;
			sourceTree = "<group>";
		};
		78EBF07D25FC6AE300613185 /* View */ = {
			isa = PBXGroup;
			children = (
			);
			path = View;
			sourceTree = "<group>";
		};
		78EBF07E25FC6AF000613185 /* Data */ = {
			isa = PBXGroup;
			children = (
			);
			path = Data;
			sourceTree = "<group>";
		};
		78EBF07F25FC6AF500613185 /* AppResources */ = {
			isa = PBXGroup;
			children = (
				78BCFD7725F31565003618CE /* Assets.xcassets */,
				78EBF08025FC6B1100613185 /* Support */,
			);
			path = AppResources;
			sourceTree = "<group>";
		};
		78EBF08025FC6B1100613185 /* Support */ = {
			isa = PBXGroup;
			children = (
				78EBF08225FC6B1E00613185 /* InfoPlist */,
				78EBF08125FC6B1800613185 /* Rswift */,
				78EBF08325FC6B2700613185 /* LocalizedStrings */,
			);
			path = Support;
			sourceTree = "<group>";
		};
		78EBF08125FC6B1800613185 /* Rswift */ = {
			isa = PBXGroup;
			children = (
				78EBF08D25FC6BF200613185 /* R.generated.swift */,
			);
			path = Rswift;
			sourceTree = "<group>";
		};
		78EBF08225FC6B1E00613185 /* InfoPlist */ = {
			isa = PBXGroup;
			children = (
				78BCFD7C25F31565003618CE /* Info.plist */,
			);
			path = InfoPlist;
			sourceTree = "<group>";
		};
		78EBF08325FC6B2700613185 /* LocalizedStrings */ = {
			isa = PBXGroup;
			children = (
			);
			path = LocalizedStrings;
			sourceTree = "<group>";
		};
		78EBF09B25FC6CA400613185 /* Launch */ = {
			isa = PBXGroup;
			children = (
				78BCFD7925F31565003618CE /* LaunchScreen.storyboard */,
			);
			path = Launch;
			sourceTree = "<group>";
		};
		92F2FDE8BB8315410016D7D9 /* Pods */ = {
			isa = PBXGroup;
			children = (
				CAD0A3DCB6D501ED41DADAF9 /* Pods-AddtionalTraining-iOS.debug.xcconfig */,
				D7874B532B255303FF11F28E /* Pods-AddtionalTraining-iOS.release.xcconfig */,
				3A1FC0FDEDE2C33D6402F7DF /* Pods-AddtionalTraining-iOS-AddtionalTraining-iOSUITests.debug.xcconfig */,
				5A095CB50E35B07D1FDE946B /* Pods-AddtionalTraining-iOS-AddtionalTraining-iOSUITests.release.xcconfig */,
				8ADB37B08036EEA09D1F5DF6 /* Pods-AddtionalTraining-iOSTests.debug.xcconfig */,
				20F7710D88E6F903FEFEC432 /* Pods-AddtionalTraining-iOSTests.release.xcconfig */,
				7CC887D33AB6819910BD8183 /* Pods-AdditionalTraining-iOS.debug.xcconfig */,
				9879F54A103AF7D949E46A98 /* Pods-AdditionalTraining-iOS.release.xcconfig */,
				8BBA444208E34635BC9CF7C0 /* Pods-AdditionalTraining-iOS-AdditionalTraining-iOSUITests.debug.xcconfig */,
				CEF0C7C65A0A3A7A01689DA1 /* Pods-AdditionalTraining-iOS-AdditionalTraining-iOSUITests.release.xcconfig */,
				F538BCDA8153C9D203B707C0 /* Pods-AdditionalTraining-iOSTests.debug.xcconfig */,
				740DC16349C2EA12AEB5AEAB /* Pods-AdditionalTraining-iOSTests.release.xcconfig */,
				07A55330C665BD9987FAE625 /* Pods-AdditionalTraining.debug.xcconfig */,
				99FC6AB06F170424F9C6A5B3 /* Pods-AdditionalTraining.release.xcconfig */,
				160A0944EA2520F166C05D79 /* Pods-AdditionalTraining-AdditionalTrainingUITests.debug.xcconfig */,
				D34DC6A1FBDAC44F05D7DF44 /* Pods-AdditionalTraining-AdditionalTrainingUITests.release.xcconfig */,
				1A7938E75A2A779A1AD9E38C /* Pods-AdditionalTrainingTests.debug.xcconfig */,
				739F3C356281ACF245220B97 /* Pods-AdditionalTrainingTests.release.xcconfig */,
			);
			path = Pods;
			sourceTree = "<group>";
		};
/* End PBXGroup section */

/* Begin PBXNativeTarget section */
		78BCFD6A25F31562003618CE /* AdditionalTraining */ = {
			isa = PBXNativeTarget;
			buildConfigurationList = 78BCFD9525F31565003618CE /* Build configuration list for PBXNativeTarget "AdditionalTraining" */;
			buildPhases = (
				F4CD9DD67D3D761E162FD31C /* [CP] Check Pods Manifest.lock */,
				78BCFDB125F3AC9C003618CE /* Rswift */,
				78BCFD6725F31562003618CE /* Sources */,
				78BCFD6825F31562003618CE /* Frameworks */,
				78BCFD6925F31562003618CE /* Resources */,
				5D8A18B4CA43D7F11C89CAB6 /* [CP] Embed Pods Frameworks */,
				78836B0125FB8AA9006DFD46 /* Swiftlint */,
			);
			buildRules = (
			);
			dependencies = (
			);
			name = AdditionalTraining;
			productName = "AddtionalTraining-iOS";
			productReference = 78BCFD6B25F31562003618CE /* AdditionalTraining.app */;
			productType = "com.apple.product-type.application";
		};
		78BCFD8025F31565003618CE /* AdditionalTrainingTests */ = {
			isa = PBXNativeTarget;
			buildConfigurationList = 78BCFD9825F31565003618CE /* Build configuration list for PBXNativeTarget "AdditionalTrainingTests" */;
			buildPhases = (
				BCDA5600A9911D9504614162 /* [CP] Check Pods Manifest.lock */,
				78BCFD7D25F31565003618CE /* Sources */,
				78BCFD7E25F31565003618CE /* Frameworks */,
				78BCFD7F25F31565003618CE /* Resources */,
			);
			buildRules = (
			);
			dependencies = (
				78BCFD8325F31565003618CE /* PBXTargetDependency */,
			);
			name = AdditionalTrainingTests;
			productName = "AddtionalTraining-iOSTests";
			productReference = 78BCFD8125F31565003618CE /* AdditionalTrainingTests.xctest */;
			productType = "com.apple.product-type.bundle.unit-test";
		};
		78BCFD8B25F31565003618CE /* AdditionalTrainingUITests */ = {
			isa = PBXNativeTarget;
			buildConfigurationList = 78BCFD9B25F31565003618CE /* Build configuration list for PBXNativeTarget "AdditionalTrainingUITests" */;
			buildPhases = (
				C8AC2A7EB2A2BCCAE7EAB652 /* [CP] Check Pods Manifest.lock */,
				78BCFD8825F31565003618CE /* Sources */,
				78BCFD8925F31565003618CE /* Frameworks */,
				78BCFD8A25F31565003618CE /* Resources */,
				D8222C3A86A1BCF1AFA20F94 /* [CP] Embed Pods Frameworks */,
			);
			buildRules = (
			);
			dependencies = (
				78BCFD8E25F31565003618CE /* PBXTargetDependency */,
			);
			name = AdditionalTrainingUITests;
			productName = "AddtionalTraining-iOSUITests";
			productReference = 78BCFD8C25F31565003618CE /* AdditionalTrainingUITests.xctest */;
			productType = "com.apple.product-type.bundle.ui-testing";
		};
/* End PBXNativeTarget section */

/* Begin PBXProject section */
		78BCFD6325F31562003618CE /* Project object */ = {
			isa = PBXProject;
			attributes = {
				LastSwiftUpdateCheck = 1240;
				LastUpgradeCheck = 1240;
				TargetAttributes = {
					78BCFD6A25F31562003618CE = {
						CreatedOnToolsVersion = 12.4;
					};
					78BCFD8025F31565003618CE = {
						CreatedOnToolsVersion = 12.4;
						TestTargetID = 78BCFD6A25F31562003618CE;
					};
					78BCFD8B25F31565003618CE = {
						CreatedOnToolsVersion = 12.4;
						TestTargetID = 78BCFD6A25F31562003618CE;
					};
				};
			};
			buildConfigurationList = 78BCFD6625F31562003618CE /* Build configuration list for PBXProject "AdditionalTraining" */;
			compatibilityVersion = "Xcode 9.3";
			developmentRegion = en;
			hasScannedForEncodings = 0;
			knownRegions = (
				en,
				Base,
			);
			mainGroup = 78BCFD6225F31562003618CE;
			productRefGroup = 78BCFD6C25F31562003618CE /* Products */;
			projectDirPath = "";
			projectRoot = "";
			targets = (
				78BCFD6A25F31562003618CE /* AdditionalTraining */,
				78BCFD8025F31565003618CE /* AdditionalTrainingTests */,
				78BCFD8B25F31565003618CE /* AdditionalTrainingUITests */,
			);
		};
/* End PBXProject section */

/* Begin PBXResourcesBuildPhase section */
		78BCFD6925F31562003618CE /* Resources */ = {
			isa = PBXResourcesBuildPhase;
			buildActionMask = 2147483647;
			files = (
				78BCFD7825F31565003618CE /* Assets.xcassets in Resources */,
				782CD9D925FC70B600DD468C /* LoginViewController.storyboard in Resources */,
				78BCFD7B25F31565003618CE /* LaunchScreen.storyboard in Resources */,
				782CD9C625FC700C00DD468C /* SignupViewController.storyboard in Resources */,
			);
			runOnlyForDeploymentPostprocessing = 0;
		};
		78BCFD7F25F31565003618CE /* Resources */ = {
			isa = PBXResourcesBuildPhase;
			buildActionMask = 2147483647;
			files = (
			);
			runOnlyForDeploymentPostprocessing = 0;
		};
		78BCFD8A25F31565003618CE /* Resources */ = {
			isa = PBXResourcesBuildPhase;
			buildActionMask = 2147483647;
			files = (
			);
			runOnlyForDeploymentPostprocessing = 0;
		};
/* End PBXResourcesBuildPhase section */

/* Begin PBXShellScriptBuildPhase section */
		5D8A18B4CA43D7F11C89CAB6 /* [CP] Embed Pods Frameworks */ = {
			isa = PBXShellScriptBuildPhase;
			buildActionMask = 2147483647;
			files = (
			);
			inputFileListPaths = (
				"${PODS_ROOT}/Target Support Files/Pods-AdditionalTraining/Pods-AdditionalTraining-frameworks-${CONFIGURATION}-input-files.xcfilelist",
			);
			name = "[CP] Embed Pods Frameworks";
			outputFileListPaths = (
				"${PODS_ROOT}/Target Support Files/Pods-AdditionalTraining/Pods-AdditionalTraining-frameworks-${CONFIGURATION}-output-files.xcfilelist",
			);
			runOnlyForDeploymentPostprocessing = 0;
			shellPath = /bin/sh;
			shellScript = "\"${PODS_ROOT}/Target Support Files/Pods-AdditionalTraining/Pods-AdditionalTraining-frameworks.sh\"\n";
			showEnvVarsInLog = 0;
		};
		78836B0125FB8AA9006DFD46 /* Swiftlint */ = {
			isa = PBXShellScriptBuildPhase;
			buildActionMask = 2147483647;
			files = (
			);
			inputFileListPaths = (
			);
			inputPaths = (
			);
			name = Swiftlint;
			outputFileListPaths = (
			);
			outputPaths = (
			);
			runOnlyForDeploymentPostprocessing = 0;
			shellPath = /bin/sh;
			shellScript = "if which swiftlint >/dev/null; then\n  swiftlint\nelse\n  echo \"SwiftLint does not exist, download from https://github.com/realm/SwiftLint\"\nfi\n";
		};
		78BCFDB125F3AC9C003618CE /* Rswift */ = {
			isa = PBXShellScriptBuildPhase;
			buildActionMask = 2147483647;
			files = (
			);
			inputFileListPaths = (
			);
			inputPaths = (
				"$TEMP_DIR/rswift-lastrun",
			);
			name = Rswift;
			outputFileListPaths = (
			);
			outputPaths = (
				$SRCROOT/$PROJECT_NAME/AppResources/Support/Rswift/R.generated.swift,
			);
			runOnlyForDeploymentPostprocessing = 0;
			shellPath = /bin/sh;
			shellScript = "\"$PODS_ROOT/R.swift/rswift\" generate \"$SRCROOT/$PROJECT_NAME/AppResources/Support/Rswift/R.generated.swift\"\n";
		};
		BCDA5600A9911D9504614162 /* [CP] Check Pods Manifest.lock */ = {
			isa = PBXShellScriptBuildPhase;
			buildActionMask = 2147483647;
			files = (
			);
			inputFileListPaths = (
			);
			inputPaths = (
				"${PODS_PODFILE_DIR_PATH}/Podfile.lock",
				"${PODS_ROOT}/Manifest.lock",
			);
			name = "[CP] Check Pods Manifest.lock";
			outputFileListPaths = (
			);
			outputPaths = (
				"$(DERIVED_FILE_DIR)/Pods-AdditionalTrainingTests-checkManifestLockResult.txt",
			);
			runOnlyForDeploymentPostprocessing = 0;
			shellPath = /bin/sh;
			shellScript = "diff \"${PODS_PODFILE_DIR_PATH}/Podfile.lock\" \"${PODS_ROOT}/Manifest.lock\" > /dev/null\nif [ $? != 0 ] ; then\n    # print error to STDERR\n    echo \"error: The sandbox is not in sync with the Podfile.lock. Run 'pod install' or update your CocoaPods installation.\" >&2\n    exit 1\nfi\n# This output is used by Xcode 'outputs' to avoid re-running this script phase.\necho \"SUCCESS\" > \"${SCRIPT_OUTPUT_FILE_0}\"\n";
			showEnvVarsInLog = 0;
		};
		C8AC2A7EB2A2BCCAE7EAB652 /* [CP] Check Pods Manifest.lock */ = {
			isa = PBXShellScriptBuildPhase;
			buildActionMask = 2147483647;
			files = (
			);
			inputFileListPaths = (
			);
			inputPaths = (
				"${PODS_PODFILE_DIR_PATH}/Podfile.lock",
				"${PODS_ROOT}/Manifest.lock",
			);
			name = "[CP] Check Pods Manifest.lock";
			outputFileListPaths = (
			);
			outputPaths = (
				"$(DERIVED_FILE_DIR)/Pods-AdditionalTraining-AdditionalTrainingUITests-checkManifestLockResult.txt",
			);
			runOnlyForDeploymentPostprocessing = 0;
			shellPath = /bin/sh;
			shellScript = "diff \"${PODS_PODFILE_DIR_PATH}/Podfile.lock\" \"${PODS_ROOT}/Manifest.lock\" > /dev/null\nif [ $? != 0 ] ; then\n    # print error to STDERR\n    echo \"error: The sandbox is not in sync with the Podfile.lock. Run 'pod install' or update your CocoaPods installation.\" >&2\n    exit 1\nfi\n# This output is used by Xcode 'outputs' to avoid re-running this script phase.\necho \"SUCCESS\" > \"${SCRIPT_OUTPUT_FILE_0}\"\n";
			showEnvVarsInLog = 0;
		};
		D8222C3A86A1BCF1AFA20F94 /* [CP] Embed Pods Frameworks */ = {
			isa = PBXShellScriptBuildPhase;
			buildActionMask = 2147483647;
			files = (
			);
			inputFileListPaths = (
				"${PODS_ROOT}/Target Support Files/Pods-AdditionalTraining-AdditionalTrainingUITests/Pods-AdditionalTraining-AdditionalTrainingUITests-frameworks-${CONFIGURATION}-input-files.xcfilelist",
			);
			name = "[CP] Embed Pods Frameworks";
			outputFileListPaths = (
				"${PODS_ROOT}/Target Support Files/Pods-AdditionalTraining-AdditionalTrainingUITests/Pods-AdditionalTraining-AdditionalTrainingUITests-frameworks-${CONFIGURATION}-output-files.xcfilelist",
			);
			runOnlyForDeploymentPostprocessing = 0;
			shellPath = /bin/sh;
			shellScript = "\"${PODS_ROOT}/Target Support Files/Pods-AdditionalTraining-AdditionalTrainingUITests/Pods-AdditionalTraining-AdditionalTrainingUITests-frameworks.sh\"\n";
			showEnvVarsInLog = 0;
		};
		F4CD9DD67D3D761E162FD31C /* [CP] Check Pods Manifest.lock */ = {
			isa = PBXShellScriptBuildPhase;
			buildActionMask = 2147483647;
			files = (
			);
			inputFileListPaths = (
			);
			inputPaths = (
				"${PODS_PODFILE_DIR_PATH}/Podfile.lock",
				"${PODS_ROOT}/Manifest.lock",
			);
			name = "[CP] Check Pods Manifest.lock";
			outputFileListPaths = (
			);
			outputPaths = (
				"$(DERIVED_FILE_DIR)/Pods-AdditionalTraining-checkManifestLockResult.txt",
			);
			runOnlyForDeploymentPostprocessing = 0;
			shellPath = /bin/sh;
			shellScript = "diff \"${PODS_PODFILE_DIR_PATH}/Podfile.lock\" \"${PODS_ROOT}/Manifest.lock\" > /dev/null\nif [ $? != 0 ] ; then\n    # print error to STDERR\n    echo \"error: The sandbox is not in sync with the Podfile.lock. Run 'pod install' or update your CocoaPods installation.\" >&2\n    exit 1\nfi\n# This output is used by Xcode 'outputs' to avoid re-running this script phase.\necho \"SUCCESS\" > \"${SCRIPT_OUTPUT_FILE_0}\"\n";
			showEnvVarsInLog = 0;
		};
/* End PBXShellScriptBuildPhase section */

/* Begin PBXSourcesBuildPhase section */
		78BCFD6725F31562003618CE /* Sources */ = {
			isa = PBXSourcesBuildPhase;
			buildActionMask = 2147483647;
			files = (
				78EBF08E25FC6BF200613185 /* R.generated.swift in Sources */,
				78BCFD6F25F31562003618CE /* AppDelegate.swift in Sources */,
				782CD9DE25FC70FF00DD468C /* LoginViewController.swift in Sources */,
				782CD9BE25FC6FF900DD468C /* SignupViewController.swift in Sources */,
			);
			runOnlyForDeploymentPostprocessing = 0;
		};
		78BCFD7D25F31565003618CE /* Sources */ = {
			isa = PBXSourcesBuildPhase;
			buildActionMask = 2147483647;
			files = (
				78BCFD8625F31565003618CE /* AddtionalTraining_iOSTests.swift in Sources */,
			);
			runOnlyForDeploymentPostprocessing = 0;
		};
		78BCFD8825F31565003618CE /* Sources */ = {
			isa = PBXSourcesBuildPhase;
			buildActionMask = 2147483647;
			files = (
				78BCFD9125F31565003618CE /* AddtionalTraining_iOSUITests.swift in Sources */,
			);
			runOnlyForDeploymentPostprocessing = 0;
		};
/* End PBXSourcesBuildPhase section */

/* Begin PBXTargetDependency section */
		78BCFD8325F31565003618CE /* PBXTargetDependency */ = {
			isa = PBXTargetDependency;
			target = 78BCFD6A25F31562003618CE /* AdditionalTraining */;
			targetProxy = 78BCFD8225F31565003618CE /* PBXContainerItemProxy */;
		};
		78BCFD8E25F31565003618CE /* PBXTargetDependency */ = {
			isa = PBXTargetDependency;
			target = 78BCFD6A25F31562003618CE /* AdditionalTraining */;
			targetProxy = 78BCFD8D25F31565003618CE /* PBXContainerItemProxy */;
		};
/* End PBXTargetDependency section */

/* Begin PBXVariantGroup section */
		78BCFD7925F31565003618CE /* LaunchScreen.storyboard */ = {
			isa = PBXVariantGroup;
			children = (
				78BCFD7A25F31565003618CE /* Base */,
			);
			name = LaunchScreen.storyboard;
			sourceTree = "<group>";
		};
/* End PBXVariantGroup section */

/* Begin XCBuildConfiguration section */
		78BCFD9325F31565003618CE /* Debug */ = {
			isa = XCBuildConfiguration;
			buildSettings = {
				ALWAYS_SEARCH_USER_PATHS = NO;
				CLANG_ANALYZER_NONNULL = YES;
				CLANG_ANALYZER_NUMBER_OBJECT_CONVERSION = YES_AGGRESSIVE;
				CLANG_CXX_LANGUAGE_STANDARD = "gnu++14";
				CLANG_CXX_LIBRARY = "libc++";
				CLANG_ENABLE_MODULES = YES;
				CLANG_ENABLE_OBJC_ARC = YES;
				CLANG_ENABLE_OBJC_WEAK = YES;
				CLANG_WARN_BLOCK_CAPTURE_AUTORELEASING = YES;
				CLANG_WARN_BOOL_CONVERSION = YES;
				CLANG_WARN_COMMA = YES;
				CLANG_WARN_CONSTANT_CONVERSION = YES;
				CLANG_WARN_DEPRECATED_OBJC_IMPLEMENTATIONS = YES;
				CLANG_WARN_DIRECT_OBJC_ISA_USAGE = YES_ERROR;
				CLANG_WARN_DOCUMENTATION_COMMENTS = YES;
				CLANG_WARN_EMPTY_BODY = YES;
				CLANG_WARN_ENUM_CONVERSION = YES;
				CLANG_WARN_INFINITE_RECURSION = YES;
				CLANG_WARN_INT_CONVERSION = YES;
				CLANG_WARN_NON_LITERAL_NULL_CONVERSION = YES;
				CLANG_WARN_OBJC_IMPLICIT_RETAIN_SELF = YES;
				CLANG_WARN_OBJC_LITERAL_CONVERSION = YES;
				CLANG_WARN_OBJC_ROOT_CLASS = YES_ERROR;
				CLANG_WARN_QUOTED_INCLUDE_IN_FRAMEWORK_HEADER = YES;
				CLANG_WARN_RANGE_LOOP_ANALYSIS = YES;
				CLANG_WARN_STRICT_PROTOTYPES = YES;
				CLANG_WARN_SUSPICIOUS_MOVE = YES;
				CLANG_WARN_UNGUARDED_AVAILABILITY = YES_AGGRESSIVE;
				CLANG_WARN_UNREACHABLE_CODE = YES;
				CLANG_WARN__DUPLICATE_METHOD_MATCH = YES;
				COPY_PHASE_STRIP = NO;
				DEBUG_INFORMATION_FORMAT = dwarf;
				ENABLE_STRICT_OBJC_MSGSEND = YES;
				ENABLE_TESTABILITY = YES;
				GCC_C_LANGUAGE_STANDARD = gnu11;
				GCC_DYNAMIC_NO_PIC = NO;
				GCC_NO_COMMON_BLOCKS = YES;
				GCC_OPTIMIZATION_LEVEL = 0;
				GCC_PREPROCESSOR_DEFINITIONS = (
					"DEBUG=1",
					"$(inherited)",
				);
				GCC_WARN_64_TO_32_BIT_CONVERSION = YES;
				GCC_WARN_ABOUT_RETURN_TYPE = YES_ERROR;
				GCC_WARN_UNDECLARED_SELECTOR = YES;
				GCC_WARN_UNINITIALIZED_AUTOS = YES_AGGRESSIVE;
				GCC_WARN_UNUSED_FUNCTION = YES;
				GCC_WARN_UNUSED_VARIABLE = YES;
				IPHONEOS_DEPLOYMENT_TARGET = 13.0;
				MTL_ENABLE_DEBUG_INFO = INCLUDE_SOURCE;
				MTL_FAST_MATH = YES;
				ONLY_ACTIVE_ARCH = YES;
				SDKROOT = iphoneos;
				SWIFT_ACTIVE_COMPILATION_CONDITIONS = DEBUG;
				SWIFT_OPTIMIZATION_LEVEL = "-Onone";
			};
			name = Debug;
		};
		78BCFD9425F31565003618CE /* Release */ = {
			isa = XCBuildConfiguration;
			buildSettings = {
				ALWAYS_SEARCH_USER_PATHS = NO;
				CLANG_ANALYZER_NONNULL = YES;
				CLANG_ANALYZER_NUMBER_OBJECT_CONVERSION = YES_AGGRESSIVE;
				CLANG_CXX_LANGUAGE_STANDARD = "gnu++14";
				CLANG_CXX_LIBRARY = "libc++";
				CLANG_ENABLE_MODULES = YES;
				CLANG_ENABLE_OBJC_ARC = YES;
				CLANG_ENABLE_OBJC_WEAK = YES;
				CLANG_WARN_BLOCK_CAPTURE_AUTORELEASING = YES;
				CLANG_WARN_BOOL_CONVERSION = YES;
				CLANG_WARN_COMMA = YES;
				CLANG_WARN_CONSTANT_CONVERSION = YES;
				CLANG_WARN_DEPRECATED_OBJC_IMPLEMENTATIONS = YES;
				CLANG_WARN_DIRECT_OBJC_ISA_USAGE = YES_ERROR;
				CLANG_WARN_DOCUMENTATION_COMMENTS = YES;
				CLANG_WARN_EMPTY_BODY = YES;
				CLANG_WARN_ENUM_CONVERSION = YES;
				CLANG_WARN_INFINITE_RECURSION = YES;
				CLANG_WARN_INT_CONVERSION = YES;
				CLANG_WARN_NON_LITERAL_NULL_CONVERSION = YES;
				CLANG_WARN_OBJC_IMPLICIT_RETAIN_SELF = YES;
				CLANG_WARN_OBJC_LITERAL_CONVERSION = YES;
				CLANG_WARN_OBJC_ROOT_CLASS = YES_ERROR;
				CLANG_WARN_QUOTED_INCLUDE_IN_FRAMEWORK_HEADER = YES;
				CLANG_WARN_RANGE_LOOP_ANALYSIS = YES;
				CLANG_WARN_STRICT_PROTOTYPES = YES;
				CLANG_WARN_SUSPICIOUS_MOVE = YES;
				CLANG_WARN_UNGUARDED_AVAILABILITY = YES_AGGRESSIVE;
				CLANG_WARN_UNREACHABLE_CODE = YES;
				CLANG_WARN__DUPLICATE_METHOD_MATCH = YES;
				COPY_PHASE_STRIP = NO;
				DEBUG_INFORMATION_FORMAT = "dwarf-with-dsym";
				ENABLE_NS_ASSERTIONS = NO;
				ENABLE_STRICT_OBJC_MSGSEND = YES;
				GCC_C_LANGUAGE_STANDARD = gnu11;
				GCC_NO_COMMON_BLOCKS = YES;
				GCC_WARN_64_TO_32_BIT_CONVERSION = YES;
				GCC_WARN_ABOUT_RETURN_TYPE = YES_ERROR;
				GCC_WARN_UNDECLARED_SELECTOR = YES;
				GCC_WARN_UNINITIALIZED_AUTOS = YES_AGGRESSIVE;
				GCC_WARN_UNUSED_FUNCTION = YES;
				GCC_WARN_UNUSED_VARIABLE = YES;
				IPHONEOS_DEPLOYMENT_TARGET = 13.0;
				MTL_ENABLE_DEBUG_INFO = NO;
				MTL_FAST_MATH = YES;
				SDKROOT = iphoneos;
				SWIFT_COMPILATION_MODE = wholemodule;
				SWIFT_OPTIMIZATION_LEVEL = "-O";
				VALIDATE_PRODUCT = YES;
			};
			name = Release;
		};
		78BCFD9625F31565003618CE /* Debug */ = {
			isa = XCBuildConfiguration;
			baseConfigurationReference = 07A55330C665BD9987FAE625 /* Pods-AdditionalTraining.debug.xcconfig */;
			buildSettings = {
				ASSETCATALOG_COMPILER_APPICON_NAME = AppIcon;
				ASSETCATALOG_COMPILER_GLOBAL_ACCENT_COLOR_NAME = AccentColor;
				CODE_SIGN_STYLE = Automatic;
				INFOPLIST_FILE = AdditionalTraining/AppResources/Support/InfoPlist/Info.plist;
				LD_RUNPATH_SEARCH_PATHS = (
					"$(inherited)",
					"@executable_path/Frameworks",
				);
				PRODUCT_BUNDLE_IDENTIFIER = yossibank.AdditionalTraining;
				PRODUCT_NAME = "$(TARGET_NAME)";
				SWIFT_VERSION = 5.0;
				TARGETED_DEVICE_FAMILY = "1,2";
			};
			name = Debug;
		};
		78BCFD9725F31565003618CE /* Release */ = {
			isa = XCBuildConfiguration;
			baseConfigurationReference = 99FC6AB06F170424F9C6A5B3 /* Pods-AdditionalTraining.release.xcconfig */;
			buildSettings = {
				ASSETCATALOG_COMPILER_APPICON_NAME = AppIcon;
				ASSETCATALOG_COMPILER_GLOBAL_ACCENT_COLOR_NAME = AccentColor;
				CODE_SIGN_STYLE = Automatic;
				INFOPLIST_FILE = AdditionalTraining/AppResources/Support/InfoPlist/Info.plist;
				LD_RUNPATH_SEARCH_PATHS = (
					"$(inherited)",
					"@executable_path/Frameworks",
				);
				PRODUCT_BUNDLE_IDENTIFIER = yossibank.AdditionalTraining;
				PRODUCT_NAME = "$(TARGET_NAME)";
				SWIFT_VERSION = 5.0;
				TARGETED_DEVICE_FAMILY = "1,2";
			};
			name = Release;
		};
		78BCFD9925F31565003618CE /* Debug */ = {
			isa = XCBuildConfiguration;
			baseConfigurationReference = 1A7938E75A2A779A1AD9E38C /* Pods-AdditionalTrainingTests.debug.xcconfig */;
			buildSettings = {
				ALWAYS_EMBED_SWIFT_STANDARD_LIBRARIES = YES;
				BUNDLE_LOADER = "$(TEST_HOST)";
				CODE_SIGN_STYLE = Automatic;
				INFOPLIST_FILE = AdditionalTrainingTests/Info.plist;
				IPHONEOS_DEPLOYMENT_TARGET = 14.4;
				LD_RUNPATH_SEARCH_PATHS = (
					"$(inherited)",
					"@executable_path/Frameworks",
					"@loader_path/Frameworks",
				);
				PRODUCT_BUNDLE_IDENTIFIER = yossibank.AdditionalTrainingTests;
				PRODUCT_NAME = "$(TARGET_NAME)";
				SWIFT_VERSION = 5.0;
				TARGETED_DEVICE_FAMILY = "1,2";
				TEST_HOST = "$(BUILT_PRODUCTS_DIR)/AdditionalTraining.app/AdditionalTraining";
			};
			name = Debug;
		};
		78BCFD9A25F31565003618CE /* Release */ = {
			isa = XCBuildConfiguration;
			baseConfigurationReference = 739F3C356281ACF245220B97 /* Pods-AdditionalTrainingTests.release.xcconfig */;
			buildSettings = {
				ALWAYS_EMBED_SWIFT_STANDARD_LIBRARIES = YES;
				BUNDLE_LOADER = "$(TEST_HOST)";
				CODE_SIGN_STYLE = Automatic;
				INFOPLIST_FILE = AdditionalTrainingTests/Info.plist;
				IPHONEOS_DEPLOYMENT_TARGET = 14.4;
				LD_RUNPATH_SEARCH_PATHS = (
					"$(inherited)",
					"@executable_path/Frameworks",
					"@loader_path/Frameworks",
				);
				PRODUCT_BUNDLE_IDENTIFIER = yossibank.AdditionalTrainingTests;
				PRODUCT_NAME = "$(TARGET_NAME)";
				SWIFT_VERSION = 5.0;
				TARGETED_DEVICE_FAMILY = "1,2";
				TEST_HOST = "$(BUILT_PRODUCTS_DIR)/AdditionalTraining.app/AdditionalTraining";
			};
			name = Release;
		};
		78BCFD9C25F31565003618CE /* Debug */ = {
			isa = XCBuildConfiguration;
			baseConfigurationReference = 160A0944EA2520F166C05D79 /* Pods-AdditionalTraining-AdditionalTrainingUITests.debug.xcconfig */;
			buildSettings = {
				ALWAYS_EMBED_SWIFT_STANDARD_LIBRARIES = YES;
				CODE_SIGN_STYLE = Automatic;
				INFOPLIST_FILE = AdditionalTrainingUITests/Info.plist;
				LD_RUNPATH_SEARCH_PATHS = (
					"$(inherited)",
					"@executable_path/Frameworks",
					"@loader_path/Frameworks",
				);
				PRODUCT_BUNDLE_IDENTIFIER = yossibank.AdditionalTrainingUITests;
				PRODUCT_NAME = "$(TARGET_NAME)";
				SWIFT_VERSION = 5.0;
				TARGETED_DEVICE_FAMILY = "1,2";
				TEST_TARGET_NAME = "AddtionalTraining-iOS";
			};
			name = Debug;
		};
		78BCFD9D25F31565003618CE /* Release */ = {
			isa = XCBuildConfiguration;
			baseConfigurationReference = D34DC6A1FBDAC44F05D7DF44 /* Pods-AdditionalTraining-AdditionalTrainingUITests.release.xcconfig */;
			buildSettings = {
				ALWAYS_EMBED_SWIFT_STANDARD_LIBRARIES = YES;
				CODE_SIGN_STYLE = Automatic;
				INFOPLIST_FILE = AdditionalTrainingUITests/Info.plist;
				LD_RUNPATH_SEARCH_PATHS = (
					"$(inherited)",
					"@executable_path/Frameworks",
					"@loader_path/Frameworks",
				);
				PRODUCT_BUNDLE_IDENTIFIER = yossibank.AdditionalTrainingUITests;
				PRODUCT_NAME = "$(TARGET_NAME)";
				SWIFT_VERSION = 5.0;
				TARGETED_DEVICE_FAMILY = "1,2";
				TEST_TARGET_NAME = "AddtionalTraining-iOS";
			};
			name = Release;
		};
/* End XCBuildConfiguration section */

/* Begin XCConfigurationList section */
		78BCFD6625F31562003618CE /* Build configuration list for PBXProject "AdditionalTraining" */ = {
			isa = XCConfigurationList;
			buildConfigurations = (
				78BCFD9325F31565003618CE /* Debug */,
				78BCFD9425F31565003618CE /* Release */,
			);
			defaultConfigurationIsVisible = 0;
			defaultConfigurationName = Release;
		};
		78BCFD9525F31565003618CE /* Build configuration list for PBXNativeTarget "AdditionalTraining" */ = {
			isa = XCConfigurationList;
			buildConfigurations = (
				78BCFD9625F31565003618CE /* Debug */,
				78BCFD9725F31565003618CE /* Release */,
			);
			defaultConfigurationIsVisible = 0;
			defaultConfigurationName = Release;
		};
		78BCFD9825F31565003618CE /* Build configuration list for PBXNativeTarget "AdditionalTrainingTests" */ = {
			isa = XCConfigurationList;
			buildConfigurations = (
				78BCFD9925F31565003618CE /* Debug */,
				78BCFD9A25F31565003618CE /* Release */,
			);
			defaultConfigurationIsVisible = 0;
			defaultConfigurationName = Release;
		};
		78BCFD9B25F31565003618CE /* Build configuration list for PBXNativeTarget "AdditionalTrainingUITests" */ = {
			isa = XCConfigurationList;
			buildConfigurations = (
				78BCFD9C25F31565003618CE /* Debug */,
				78BCFD9D25F31565003618CE /* Release */,
			);
			defaultConfigurationIsVisible = 0;
			defaultConfigurationName = Release;
		};
/* End XCConfigurationList section */
	};
	rootObject = 78BCFD6325F31562003618CE /* Project object */;
}
